
Microsoft Visual Studio Solution File, Format Version 12.00
# Visual Studio Version 16
VisualStudioVersion = 16.0.30804.86
MinimumVisualStudioVersion = 10.0.40219.1
Project("{FAE04EC0-301F-11D3-BF4B-00C04F79EFBC}") = "WindowsFormsApp1", "WindowsFormsApp1\WindowsFormsApp1.csproj", "{9BB91C4D-C23B-4D1F-AE4F-AB1A375D8D2D}"
EndProject
Global
	GlobalSection(SolutionConfigurationPlatforms) = preSolution
		Debug|Any CPU = Debug|Any CPU
		Release|Any CPU = Release|Any CPU
	EndGlobalSection
	GlobalSection(ProjectConfigurationPlatforms) = postSolution
		{9BB91C4D-C23B-4D1F-AE4F-AB1A375D8D2D}.Debug|Any CPU.ActiveCfg = Debug|Any CPU
		{9BB91C4D-C23B-4D1F-AE4F-AB1A375D8D2D}.Debug|Any CPU.Build.0 = Debug|Any CPU
		{9BB91C4D-C23B-4D1F-AE4F-AB1A375D8D2D}.Release|Any CPU.ActiveCfg = Release|Any CPU
		{9BB91C4D-C23B-4D1F-AE4F-AB1A375D8D2D}.Release|Any CPU.Build.0 = Release|Any CPU
	EndGlobalSection
	GlobalSection(SolutionProperties) = preSolution
		HideSolutionNode = FALSE
	EndGlobalSection
	GlobalSection(ExtensibilityGlobals) = postSolution
		SolutionGuid = {04D561E3-A35B-45D0-B311-9D69C90AA7CD}
	EndGlobalSection
EndGlobal
